{
  "name": "alchfact",
  "version": "0.1.0",
  "lockfileVersion": 3,
  "requires": true,
  "packages": {
    "": {
      "name": "alchfact",
      "version": "0.1.0",
      "license": "MIT",
      "dependencies": {
        "highs": "^1.14.2"
      },
      "bin": {
        "alchfact": "src/cli.js"
      }
    },
    "node_modules/highs": {
      "version": "1.14.2",
      "resolved": "https://registry.npmjs.org/highs/-/highs-1.14.2.tgz",
      "integrity": "sha512-Qd3MoFrsy4cnRpPAwh6qsAkys8j4cKWUiYmt/xcdcsSXeuaqq979r7FLXmsbBJ0dQtBN+YKUtSzwcwTGeNVE4Q==",
      "license": "MIT"
    }
  }
}
